// !$*UTF8*$!
{
	archiveVersion = 1;
	classes = {
	};
	objectVersion = 46;
	objects = {

/* Begin PBXBuildFile section */
		2404D8931C6276BC004B12AD /* ServerInformation.swift in Sources */ = {isa = PBXBuildFile; fileRef = 2404D8921C6276BC004B12AD /* ServerInformation.swift */; };
		2404D8951C627814004B12AD /* ServerInformationClient.swift in Sources */ = {isa = PBXBuildFile; fileRef = 2404D8941C627814004B12AD /* ServerInformationClient.swift */; };
		2431261B1C629007000855D7 /* UsersClient.swift in Sources */ = {isa = PBXBuildFile; fileRef = 2431261A1C629007000855D7 /* UsersClient.swift */; };
		2431261D1C6291A4000855D7 /* UserSummary.swift in Sources */ = {isa = PBXBuildFile; fileRef = 2431261C1C6291A4000855D7 /* UserSummary.swift */; };
		2431261F1C62920C000855D7 /* Users.swift in Sources */ = {isa = PBXBuildFile; fileRef = 2431261E1C62920C000855D7 /* Users.swift */; };
		243D25A31C628A370011F160 /* VCSRootsClient.swift in Sources */ = {isa = PBXBuildFile; fileRef = 243D25A21C628A370011F160 /* VCSRootsClient.swift */; };
		243D25A51C628B940011F160 /* VCSRoot.swift in Sources */ = {isa = PBXBuildFile; fileRef = 243D25A41C628B940011F160 /* VCSRoot.swift */; };
		24B5A5DB1C66209D0017F282 /* Role.swift in Sources */ = {isa = PBXBuildFile; fileRef = 24B5A5DA1C66209D0017F282 /* Role.swift */; };
		24B5A5DD1C6620A80017F282 /* Roles.swift in Sources */ = {isa = PBXBuildFile; fileRef = 24B5A5DC1C6620A80017F282 /* Roles.swift */; };
		24B5A5DF1C6624F80017F282 /* Groups.swift in Sources */ = {isa = PBXBuildFile; fileRef = 24B5A5DE1C6624F80017F282 /* Groups.swift */; };
		24B5A5E11C6625500017F282 /* GroupSummary.swift in Sources */ = {isa = PBXBuildFile; fileRef = 24B5A5E01C6625500017F282 /* GroupSummary.swift */; };
		24B5A5E31C6625BD0017F282 /* User.swift in Sources */ = {isa = PBXBuildFile; fileRef = 24B5A5E21C6625BD0017F282 /* User.swift */; };
		24B5A5E51C662BC80017F282 /* GroupsClient.swift in Sources */ = {isa = PBXBuildFile; fileRef = 24B5A5E41C662BC80017F282 /* GroupsClient.swift */; };
		24B5A5E71C662C610017F282 /* Group.swift in Sources */ = {isa = PBXBuildFile; fileRef = 24B5A5E61C662C610017F282 /* Group.swift */; };
		24C77A0C1C5CDFAD00831741 /* main.swift in Sources */ = {isa = PBXBuildFile; fileRef = 24C77A0B1C5CDFAD00831741 /* main.swift */; };
		24C77A141C5CDFBC00831741 /* ProjectLocator.swift in Sources */ = {isa = PBXBuildFile; fileRef = 24C77A131C5CDFBC00831741 /* ProjectLocator.swift */; };
		24C77A171C5CE30800831741 /* TeamCityConnection.swift in Sources */ = {isa = PBXBuildFile; fileRef = 24C77A161C5CE30800831741 /* TeamCityConnection.swift */; };
		24C77A191C5CE74700831741 /* TeamCityClient.swift in Sources */ = {isa = PBXBuildFile; fileRef = 24C77A181C5CE74700831741 /* TeamCityClient.swift */; };
		24C77A1D1C5CFE4D00831741 /* Projects.swift in Sources */ = {isa = PBXBuildFile; fileRef = 24C77A1C1C5CFE4D00831741 /* Projects.swift */; };
		24C77A1F1C5D002400831741 /* Project.swift in Sources */ = {isa = PBXBuildFile; fileRef = 24C77A1E1C5D002400831741 /* Project.swift */; };
		24C77A211C5D393B00831741 /* BuildTypes.swift in Sources */ = {isa = PBXBuildFile; fileRef = 24C77A201C5D393B00831741 /* BuildTypes.swift */; };
		24C77A231C5D3BA400831741 /* BuildTypeLocator.swift in Sources */ = {isa = PBXBuildFile; fileRef = 24C77A221C5D3BA400831741 /* BuildTypeLocator.swift */; };
		24CD0C9E1C5D4A3A004754CA /* Parameters.swift in Sources */ = {isa = PBXBuildFile; fileRef = 24CD0C9D1C5D4A3A004754CA /* Parameters.swift */; };
		24CD0CA01C5D4B99004754CA /* Parameter.swift in Sources */ = {isa = PBXBuildFile; fileRef = 24CD0C9F1C5D4B99004754CA /* Parameter.swift */; };
		24CD0CA21C5D4DE5004754CA /* VCSRoots.swift in Sources */ = {isa = PBXBuildFile; fileRef = 24CD0CA11C5D4DE5004754CA /* VCSRoots.swift */; };
		24CD0CA51C5D52B4004754CA /* ProjectsClient.swift in Sources */ = {isa = PBXBuildFile; fileRef = 24CD0CA41C5D52B4004754CA /* ProjectsClient.swift */; };
		24CD0CA71C5D52EA004754CA /* BuildTypesClient.swift in Sources */ = {isa = PBXBuildFile; fileRef = 24CD0CA61C5D52EA004754CA /* BuildTypesClient.swift */; };
		24CD0CA91C5D5309004754CA /* AuthenticationClient.swift in Sources */ = {isa = PBXBuildFile; fileRef = 24CD0CA81C5D5309004754CA /* AuthenticationClient.swift */; };
		24CD0CAB1C5D58B1004754CA /* BuildType.swift in Sources */ = {isa = PBXBuildFile; fileRef = 24CD0CAA1C5D58B1004754CA /* BuildType.swift */; };
		24CD0CAD1C5D5AA9004754CA /* VCSRootEntries.swift in Sources */ = {isa = PBXBuildFile; fileRef = 24CD0CAC1C5D5AA9004754CA /* VCSRootEntries.swift */; };
		24CD0CAF1C5D5BAC004754CA /* VCSRootSummary.swift in Sources */ = {isa = PBXBuildFile; fileRef = 24CD0CAE1C5D5BAC004754CA /* VCSRootSummary.swift */; };
		24CD0CB11C5D5C36004754CA /* VCSRootEntry.swift in Sources */ = {isa = PBXBuildFile; fileRef = 24CD0CB01C5D5C36004754CA /* VCSRootEntry.swift */; };
		24CD0CB51C5D6A22004754CA /* BuildStepSummary.swift in Sources */ = {isa = PBXBuildFile; fileRef = 24CD0CB41C5D6A22004754CA /* BuildStepSummary.swift */; };
		24CD0CB71C5D6BDA004754CA /* BuildSteps.swift in Sources */ = {isa = PBXBuildFile; fileRef = 24CD0CB61C5D6BDA004754CA /* BuildSteps.swift */; };
		24CD0CB91C5F26CA004754CA /* BuildQueueClient.swift in Sources */ = {isa = PBXBuildFile; fileRef = 24CD0CB81C5F26CA004754CA /* BuildQueueClient.swift */; };
		24CD0CBB1C5F2728004754CA /* BuildQueue.swift in Sources */ = {isa = PBXBuildFile; fileRef = 24CD0CBA1C5F2728004754CA /* BuildQueue.swift */; };
		24CD0CBD1C5F2C2E004754CA /* BuildQueueItem.swift in Sources */ = {isa = PBXBuildFile; fileRef = 24CD0CBC1C5F2C2E004754CA /* BuildQueueItem.swift */; };
		24CD0CBF1C5F2FBC004754CA /* BuildFeatures.swift in Sources */ = {isa = PBXBuildFile; fileRef = 24CD0CBE1C5F2FBC004754CA /* BuildFeatures.swift */; };
		24CD0CC11C5F3096004754CA /* BuildFeature.swift in Sources */ = {isa = PBXBuildFile; fileRef = 24CD0CC01C5F3096004754CA /* BuildFeature.swift */; };
		24CD0CC31C5F33B8004754CA /* BuildTriggers.swift in Sources */ = {isa = PBXBuildFile; fileRef = 24CD0CC21C5F33B8004754CA /* BuildTriggers.swift */; };
		24CD0CC51C5F348D004754CA /* BuildTrigger.swift in Sources */ = {isa = PBXBuildFile; fileRef = 24CD0CC41C5F348D004754CA /* BuildTrigger.swift */; };
		24CD0CC71C5F36F2004754CA /* SnapshotDependency.swift in Sources */ = {isa = PBXBuildFile; fileRef = 24CD0CC61C5F36F2004754CA /* SnapshotDependency.swift */; };
		24CD0CC91C5F3702004754CA /* SnapshotDependencies.swift in Sources */ = {isa = PBXBuildFile; fileRef = 24CD0CC81C5F3702004754CA /* SnapshotDependencies.swift */; };
		24CD0CCB1C5F3A96004754CA /* ArtifactDependencies.swift in Sources */ = {isa = PBXBuildFile; fileRef = 24CD0CCA1C5F3A96004754CA /* ArtifactDependencies.swift */; };
		24CD0CCD1C5F3B0F004754CA /* ArtifactDependency.swift in Sources */ = {isa = PBXBuildFile; fileRef = 24CD0CCC1C5F3B0F004754CA /* ArtifactDependency.swift */; };
		24CD0CCF1C5F40F2004754CA /* AgentRequirement.swift in Sources */ = {isa = PBXBuildFile; fileRef = 24CD0CCE1C5F40F2004754CA /* AgentRequirement.swift */; };
		24CD0CD11C5F4113004754CA /* AgentRequirements.swift in Sources */ = {isa = PBXBuildFile; fileRef = 24CD0CD01C5F4113004754CA /* AgentRequirements.swift */; };
/* End PBXBuildFile section */

/* Begin PBXCopyFilesBuildPhase section */
		24C77A061C5CDFAD00831741 /* CopyFiles */ = {
			isa = PBXCopyFilesBuildPhase;
			buildActionMask = 2147483647;
			dstPath = /usr/share/man/man1/;
			dstSubfolderSpec = 0;
			files = (
			);
			runOnlyForDeploymentPostprocessing = 1;
		};
/* End PBXCopyFilesBuildPhase section */

/* Begin PBXFileReference section */
		2404D8921C6276BC004B12AD /* ServerInformation.swift */ = {isa = PBXFileReference; fileEncoding = 4; lastKnownFileType = sourcecode.swift; name = ServerInformation.swift; path = Entities/ServerInformation.swift; sourceTree = "<group>"; };
		2404D8941C627814004B12AD /* ServerInformationClient.swift */ = {isa = PBXFileReference; fileEncoding = 4; lastKnownFileType = sourcecode.swift; name = ServerInformationClient.swift; path = Connection/Extensions/ServerInformationClient.swift; sourceTree = "<group>"; };
		2431261A1C629007000855D7 /* UsersClient.swift */ = {isa = PBXFileReference; fileEncoding = 4; lastKnownFileType = sourcecode.swift; name = UsersClient.swift; path = Connection/Extensions/UsersClient.swift; sourceTree = "<group>"; };
		2431261C1C6291A4000855D7 /* UserSummary.swift */ = {isa = PBXFileReference; fileEncoding = 4; lastKnownFileType = sourcecode.swift; name = UserSummary.swift; path = Entities/UserSummary.swift; sourceTree = "<group>"; };
		2431261E1C62920C000855D7 /* Users.swift */ = {isa = PBXFileReference; fileEncoding = 4; lastKnownFileType = sourcecode.swift; name = Users.swift; path = Entities/Users.swift; sourceTree = "<group>"; };
		243D25A21C628A370011F160 /* VCSRootsClient.swift */ = {isa = PBXFileReference; fileEncoding = 4; lastKnownFileType = sourcecode.swift; name = VCSRootsClient.swift; path = Connection/Extensions/VCSRootsClient.swift; sourceTree = "<group>"; };
		243D25A41C628B940011F160 /* VCSRoot.swift */ = {isa = PBXFileReference; fileEncoding = 4; lastKnownFileType = sourcecode.swift; name = VCSRoot.swift; path = Entities/VCSRoot.swift; sourceTree = "<group>"; };
		24B5A5DA1C66209D0017F282 /* Role.swift */ = {isa = PBXFileReference; fileEncoding = 4; lastKnownFileType = sourcecode.swift; name = Role.swift; path = Entities/Role.swift; sourceTree = "<group>"; };
		24B5A5DC1C6620A80017F282 /* Roles.swift */ = {isa = PBXFileReference; fileEncoding = 4; lastKnownFileType = sourcecode.swift; name = Roles.swift; path = Entities/Roles.swift; sourceTree = "<group>"; };
		24B5A5DE1C6624F80017F282 /* Groups.swift */ = {isa = PBXFileReference; fileEncoding = 4; lastKnownFileType = sourcecode.swift; name = Groups.swift; path = Entities/Groups.swift; sourceTree = "<group>"; };
		24B5A5E01C6625500017F282 /* GroupSummary.swift */ = {isa = PBXFileReference; fileEncoding = 4; lastKnownFileType = sourcecode.swift; name = GroupSummary.swift; path = Entities/GroupSummary.swift; sourceTree = "<group>"; };
		24B5A5E21C6625BD0017F282 /* User.swift */ = {isa = PBXFileReference; fileEncoding = 4; lastKnownFileType = sourcecode.swift; name = User.swift; path = Entities/User.swift; sourceTree = "<group>"; };
		24B5A5E41C662BC80017F282 /* GroupsClient.swift */ = {isa = PBXFileReference; fileEncoding = 4; lastKnownFileType = sourcecode.swift; name = GroupsClient.swift; path = Connection/Extensions/GroupsClient.swift; sourceTree = "<group>"; };
		24B5A5E61C662C610017F282 /* Group.swift */ = {isa = PBXFileReference; fileEncoding = 4; lastKnownFileType = sourcecode.swift; name = Group.swift; path = Entities/Group.swift; sourceTree = "<group>"; };
		24C77A081C5CDFAD00831741 /* SwiftCity */ = {isa = PBXFileReference; explicitFileType = "compiled.mach-o.executable"; includeInIndex = 0; path = SwiftCity; sourceTree = BUILT_PRODUCTS_DIR; };
		24C77A0B1C5CDFAD00831741 /* main.swift */ = {isa = PBXFileReference; lastKnownFileType = sourcecode.swift; path = main.swift; sourceTree = "<group>"; };
		24C77A131C5CDFBC00831741 /* ProjectLocator.swift */ = {isa = PBXFileReference; fileEncoding = 4; lastKnownFileType = sourcecode.swift; name = ProjectLocator.swift; path = Entities/ProjectLocator.swift; sourceTree = "<group>"; };
		24C77A161C5CE30800831741 /* TeamCityConnection.swift */ = {isa = PBXFileReference; fileEncoding = 4; lastKnownFileType = sourcecode.swift; name = TeamCityConnection.swift; path = Connection/TeamCityConnection.swift; sourceTree = "<group>"; };
		24C77A181C5CE74700831741 /* TeamCityClient.swift */ = {isa = PBXFileReference; fileEncoding = 4; lastKnownFileType = sourcecode.swift; name = TeamCityClient.swift; path = Connection/TeamCityClient.swift; sourceTree = "<group>"; };
		24C77A1C1C5CFE4D00831741 /* Projects.swift */ = {isa = PBXFileReference; fileEncoding = 4; lastKnownFileType = sourcecode.swift; name = Projects.swift; path = Entities/Projects.swift; sourceTree = "<group>"; };
		24C77A1E1C5D002400831741 /* Project.swift */ = {isa = PBXFileReference; fileEncoding = 4; lastKnownFileType = sourcecode.swift; name = Project.swift; path = Entities/Project.swift; sourceTree = "<group>"; };
		24C77A201C5D393B00831741 /* BuildTypes.swift */ = {isa = PBXFileReference; fileEncoding = 4; lastKnownFileType = sourcecode.swift; name = BuildTypes.swift; path = Entities/BuildTypes.swift; sourceTree = "<group>"; };
		24C77A221C5D3BA400831741 /* BuildTypeLocator.swift */ = {isa = PBXFileReference; fileEncoding = 4; lastKnownFileType = sourcecode.swift; name = BuildTypeLocator.swift; path = Entities/BuildTypeLocator.swift; sourceTree = "<group>"; };
		24CD0C9D1C5D4A3A004754CA /* Parameters.swift */ = {isa = PBXFileReference; fileEncoding = 4; lastKnownFileType = sourcecode.swift; name = Parameters.swift; path = Entities/Parameters.swift; sourceTree = "<group>"; };
		24CD0C9F1C5D4B99004754CA /* Parameter.swift */ = {isa = PBXFileReference; fileEncoding = 4; lastKnownFileType = sourcecode.swift; name = Parameter.swift; path = Entities/Parameter.swift; sourceTree = "<group>"; };
		24CD0CA11C5D4DE5004754CA /* VCSRoots.swift */ = {isa = PBXFileReference; fileEncoding = 4; lastKnownFileType = sourcecode.swift; name = VCSRoots.swift; path = Entities/VCSRoots.swift; sourceTree = "<group>"; };
		24CD0CA41C5D52B4004754CA /* ProjectsClient.swift */ = {isa = PBXFileReference; fileEncoding = 4; lastKnownFileType = sourcecode.swift; name = ProjectsClient.swift; path = Connection/Extensions/ProjectsClient.swift; sourceTree = "<group>"; };
		24CD0CA61C5D52EA004754CA /* BuildTypesClient.swift */ = {isa = PBXFileReference; fileEncoding = 4; lastKnownFileType = sourcecode.swift; name = BuildTypesClient.swift; path = Connection/Extensions/BuildTypesClient.swift; sourceTree = "<group>"; };
		24CD0CA81C5D5309004754CA /* AuthenticationClient.swift */ = {isa = PBXFileReference; fileEncoding = 4; lastKnownFileType = sourcecode.swift; name = AuthenticationClient.swift; path = Connection/Extensions/AuthenticationClient.swift; sourceTree = "<group>"; };
		24CD0CAA1C5D58B1004754CA /* BuildType.swift */ = {isa = PBXFileReference; fileEncoding = 4; lastKnownFileType = sourcecode.swift; name = BuildType.swift; path = Entities/BuildType.swift; sourceTree = "<group>"; };
		24CD0CAC1C5D5AA9004754CA /* VCSRootEntries.swift */ = {isa = PBXFileReference; fileEncoding = 4; lastKnownFileType = sourcecode.swift; name = VCSRootEntries.swift; path = Entities/VCSRootEntries.swift; sourceTree = "<group>"; };
		24CD0CAE1C5D5BAC004754CA /* VCSRootSummary.swift */ = {isa = PBXFileReference; fileEncoding = 4; lastKnownFileType = sourcecode.swift; name = VCSRootSummary.swift; path = Entities/VCSRootSummary.swift; sourceTree = "<group>"; };
		24CD0CB01C5D5C36004754CA /* VCSRootEntry.swift */ = {isa = PBXFileReference; fileEncoding = 4; lastKnownFileType = sourcecode.swift; name = VCSRootEntry.swift; path = Entities/VCSRootEntry.swift; sourceTree = "<group>"; };
		24CD0CB41C5D6A22004754CA /* BuildStepSummary.swift */ = {isa = PBXFileReference; fileEncoding = 4; lastKnownFileType = sourcecode.swift; name = BuildStepSummary.swift; path = Entities/BuildStepSummary.swift; sourceTree = "<group>"; };
		24CD0CB61C5D6BDA004754CA /* BuildSteps.swift */ = {isa = PBXFileReference; fileEncoding = 4; lastKnownFileType = sourcecode.swift; name = BuildSteps.swift; path = Entities/BuildSteps.swift; sourceTree = "<group>"; };
		24CD0CB81C5F26CA004754CA /* BuildQueueClient.swift */ = {isa = PBXFileReference; fileEncoding = 4; lastKnownFileType = sourcecode.swift; name = BuildQueueClient.swift; path = Connection/Extensions/BuildQueueClient.swift; sourceTree = "<group>"; };
		24CD0CBA1C5F2728004754CA /* BuildQueue.swift */ = {isa = PBXFileReference; fileEncoding = 4; lastKnownFileType = sourcecode.swift; name = BuildQueue.swift; path = Entities/BuildQueue.swift; sourceTree = "<group>"; };
		24CD0CBC1C5F2C2E004754CA /* BuildQueueItem.swift */ = {isa = PBXFileReference; fileEncoding = 4; lastKnownFileType = sourcecode.swift; name = BuildQueueItem.swift; path = Entities/BuildQueueItem.swift; sourceTree = "<group>"; };
		24CD0CBE1C5F2FBC004754CA /* BuildFeatures.swift */ = {isa = PBXFileReference; fileEncoding = 4; lastKnownFileType = sourcecode.swift; name = BuildFeatures.swift; path = Entities/BuildFeatures.swift; sourceTree = "<group>"; };
		24CD0CC01C5F3096004754CA /* BuildFeature.swift */ = {isa = PBXFileReference; fileEncoding = 4; lastKnownFileType = sourcecode.swift; name = BuildFeature.swift; path = Entities/BuildFeature.swift; sourceTree = "<group>"; };
		24CD0CC21C5F33B8004754CA /* BuildTriggers.swift */ = {isa = PBXFileReference; fileEncoding = 4; lastKnownFileType = sourcecode.swift; name = BuildTriggers.swift; path = Entities/BuildTriggers.swift; sourceTree = "<group>"; };
		24CD0CC41C5F348D004754CA /* BuildTrigger.swift */ = {isa = PBXFileReference; fileEncoding = 4; lastKnownFileType = sourcecode.swift; name = BuildTrigger.swift; path = Entities/BuildTrigger.swift; sourceTree = "<group>"; };
		24CD0CC61C5F36F2004754CA /* SnapshotDependency.swift */ = {isa = PBXFileReference; fileEncoding = 4; lastKnownFileType = sourcecode.swift; name = SnapshotDependency.swift; path = Entities/SnapshotDependency.swift; sourceTree = "<group>"; };
		24CD0CC81C5F3702004754CA /* SnapshotDependencies.swift */ = {isa = PBXFileReference; fileEncoding = 4; lastKnownFileType = sourcecode.swift; name = SnapshotDependencies.swift; path = Entities/SnapshotDependencies.swift; sourceTree = "<group>"; };
		24CD0CCA1C5F3A96004754CA /* ArtifactDependencies.swift */ = {isa = PBXFileReference; fileEncoding = 4; lastKnownFileType = sourcecode.swift; name = ArtifactDependencies.swift; path = Entities/ArtifactDependencies.swift; sourceTree = "<group>"; };
		24CD0CCC1C5F3B0F004754CA /* ArtifactDependency.swift */ = {isa = PBXFileReference; fileEncoding = 4; lastKnownFileType = sourcecode.swift; name = ArtifactDependency.swift; path = Entities/ArtifactDependency.swift; sourceTree = "<group>"; };
		24CD0CCE1C5F40F2004754CA /* AgentRequirement.swift */ = {isa = PBXFileReference; fileEncoding = 4; lastKnownFileType = sourcecode.swift; name = AgentRequirement.swift; path = Entities/AgentRequirement.swift; sourceTree = "<group>"; };
		24CD0CD01C5F4113004754CA /* AgentRequirements.swift */ = {isa = PBXFileReference; fileEncoding = 4; lastKnownFileType = sourcecode.swift; name = AgentRequirements.swift; path = Entities/AgentRequirements.swift; sourceTree = "<group>"; };
/* End PBXFileReference section */

/* Begin PBXFrameworksBuildPhase section */
		24C77A051C5CDFAD00831741 /* Frameworks */ = {
			isa = PBXFrameworksBuildPhase;
			buildActionMask = 2147483647;
			files = (
			);
			runOnlyForDeploymentPostprocessing = 0;
		};
/* End PBXFrameworksBuildPhase section */

/* Begin PBXGroup section */
		24C779FF1C5CDFAD00831741 = {
			isa = PBXGroup;
			children = (
				24C77A0A1C5CDFAD00831741 /* SwiftCity */,
				24C77A091C5CDFAD00831741 /* Products */,
			);
			sourceTree = "<group>";
		};
		24C77A091C5CDFAD00831741 /* Products */ = {
			isa = PBXGroup;
			children = (
				24C77A081C5CDFAD00831741 /* SwiftCity */,
			);
			name = Products;
			sourceTree = "<group>";
		};
		24C77A0A1C5CDFAD00831741 /* SwiftCity */ = {
			isa = PBXGroup;
			children = (
				24C77A151C5CE2F500831741 /* Connection */,
				24C77A121C5CDFB000831741 /* Entities */,
				24C77A0B1C5CDFAD00831741 /* main.swift */,
			);
			path = SwiftCity;
			sourceTree = "<group>";
		};
		24C77A121C5CDFB000831741 /* Entities */ = {
			isa = PBXGroup;
			children = (
				24CD0CCC1C5F3B0F004754CA /* ArtifactDependency.swift */,
				24CD0CCA1C5F3A96004754CA /* ArtifactDependencies.swift */,
				24CD0CD01C5F4113004754CA /* AgentRequirements.swift */,
				24CD0CCE1C5F40F2004754CA /* AgentRequirement.swift */,
				24CD0CC01C5F3096004754CA /* BuildFeature.swift */,
				24CD0CBE1C5F2FBC004754CA /* BuildFeatures.swift */,
				24CD0CBA1C5F2728004754CA /* BuildQueue.swift */,
				24CD0CBC1C5F2C2E004754CA /* BuildQueueItem.swift */,
				24CD0CB61C5D6BDA004754CA /* BuildSteps.swift */,
				24CD0CB41C5D6A22004754CA /* BuildStepSummary.swift */,
				24CD0CC41C5F348D004754CA /* BuildTrigger.swift */,
				24CD0CC21C5F33B8004754CA /* BuildTriggers.swift */,
				24CD0CAA1C5D58B1004754CA /* BuildType.swift */,
				24C77A221C5D3BA400831741 /* BuildTypeLocator.swift */,
				24C77A201C5D393B00831741 /* BuildTypes.swift */,
				24B5A5E01C6625500017F282 /* GroupSummary.swift */,
				24B5A5E61C662C610017F282 /* Group.swift */,
				24B5A5DE1C6624F80017F282 /* Groups.swift */,
				24C77A1C1C5CFE4D00831741 /* Projects.swift */,
				24C77A131C5CDFBC00831741 /* ProjectLocator.swift */,
				24C77A1E1C5D002400831741 /* Project.swift */,
				24CD0C9F1C5D4B99004754CA /* Parameter.swift */,
				24CD0C9D1C5D4A3A004754CA /* Parameters.swift */,
				24B5A5DC1C6620A80017F282 /* Roles.swift */,
				24B5A5DA1C66209D0017F282 /* Role.swift */,
				24CD0CC61C5F36F2004754CA /* SnapshotDependency.swift */,
				24CD0CA11C5D4DE5004754CA /* VCSRoots.swift */,
				243D25A41C628B940011F160 /* VCSRoot.swift */,
				24CD0CB01C5D5C36004754CA /* VCSRootEntry.swift */,
				24CD0CAC1C5D5AA9004754CA /* VCSRootEntries.swift */,
				24CD0CAE1C5D5BAC004754CA /* VCSRootSummary.swift */,
				24CD0CC81C5F3702004754CA /* SnapshotDependencies.swift */,
				2404D8921C6276BC004B12AD /* ServerInformation.swift */,
				2431261C1C6291A4000855D7 /* UserSummary.swift */,
				2431261E1C62920C000855D7 /* Users.swift */,
				24B5A5E21C6625BD0017F282 /* User.swift */,
			);
			name = Entities;
			sourceTree = "<group>";
		};
		24C77A151C5CE2F500831741 /* Connection */ = {
			isa = PBXGroup;
			children = (
				24CD0CA31C5D52A5004754CA /* Extensions */,
				24C77A161C5CE30800831741 /* TeamCityConnection.swift */,
				24C77A181C5CE74700831741 /* TeamCityClient.swift */,
			);
			name = Connection;
			sourceTree = "<group>";
		};
		24CD0CA31C5D52A5004754CA /* Extensions */ = {
			isa = PBXGroup;
			children = (
				24CD0CA81C5D5309004754CA /* AuthenticationClient.swift */,
				24CD0CB81C5F26CA004754CA /* BuildQueueClient.swift */,
				24CD0CA61C5D52EA004754CA /* BuildTypesClient.swift */,
				24B5A5E41C662BC80017F282 /* GroupsClient.swift */,
				24CD0CA41C5D52B4004754CA /* ProjectsClient.swift */,
				2404D8941C627814004B12AD /* ServerInformationClient.swift */,
				243D25A21C628A370011F160 /* VCSRootsClient.swift */,
				2431261A1C629007000855D7 /* UsersClient.swift */,
			);
			name = Extensions;
			sourceTree = "<group>";
		};
/* End PBXGroup section */

/* Begin PBXNativeTarget section */
		24C77A071C5CDFAD00831741 /* SwiftCity */ = {
			isa = PBXNativeTarget;
			buildConfigurationList = 24C77A0F1C5CDFAD00831741 /* Build configuration list for PBXNativeTarget "SwiftCity" */;
			buildPhases = (
				24C77A041C5CDFAD00831741 /* Sources */,
				24C77A051C5CDFAD00831741 /* Frameworks */,
				24C77A061C5CDFAD00831741 /* CopyFiles */,
			);
			buildRules = (
			);
			dependencies = (
			);
			name = SwiftCity;
			productName = SwiftCity;
			productReference = 24C77A081C5CDFAD00831741 /* SwiftCity */;
			productType = "com.apple.product-type.tool";
		};
/* End PBXNativeTarget section */

/* Begin PBXProject section */
		24C77A001C5CDFAD00831741 /* Project object */ = {
			isa = PBXProject;
			attributes = {
				LastSwiftUpdateCheck = 0720;
				LastUpgradeCheck = 0720;
				ORGANIZATIONNAME = "We Build Stuff";
				TargetAttributes = {
					24C77A071C5CDFAD00831741 = {
						CreatedOnToolsVersion = 7.2;
					};
				};
			};
			buildConfigurationList = 24C77A031C5CDFAD00831741 /* Build configuration list for PBXProject "SwiftCity" */;
			compatibilityVersion = "Xcode 3.2";
			developmentRegion = English;
			hasScannedForEncodings = 0;
			knownRegions = (
				en,
			);
			mainGroup = 24C779FF1C5CDFAD00831741;
			productRefGroup = 24C77A091C5CDFAD00831741 /* Products */;
			projectDirPath = "";
			projectRoot = "";
			targets = (
				24C77A071C5CDFAD00831741 /* SwiftCity */,
			);
		};
/* End PBXProject section */

/* Begin PBXSourcesBuildPhase section */
		24C77A041C5CDFAD00831741 /* Sources */ = {
			isa = PBXSourcesBuildPhase;
			buildActionMask = 2147483647;
			files = (
				24CD0CBB1C5F2728004754CA /* BuildQueue.swift in Sources */,
				24C77A0C1C5CDFAD00831741 /* main.swift in Sources */,
				24CD0CA71C5D52EA004754CA /* BuildTypesClient.swift in Sources */,
				24B5A5DD1C6620A80017F282 /* Roles.swift in Sources */,
				24CD0CB71C5D6BDA004754CA /* BuildSteps.swift in Sources */,
				24CD0CD11C5F4113004754CA /* AgentRequirements.swift in Sources */,
				24CD0CB51C5D6A22004754CA /* BuildStepSummary.swift in Sources */,
				24CD0CAF1C5D5BAC004754CA /* VCSRootSummary.swift in Sources */,
				24CD0CA01C5D4B99004754CA /* Parameter.swift in Sources */,
				2431261D1C6291A4000855D7 /* UserSummary.swift in Sources */,
				24C77A171C5CE30800831741 /* TeamCityConnection.swift in Sources */,
				2431261B1C629007000855D7 /* UsersClient.swift in Sources */,
				24C77A1F1C5D002400831741 /* Project.swift in Sources */,
				24CD0CAB1C5D58B1004754CA /* BuildType.swift in Sources */,
				24B5A5E71C662C610017F282 /* Group.swift in Sources */,
				243D25A51C628B940011F160 /* VCSRoot.swift in Sources */,
				24CD0CA51C5D52B4004754CA /* ProjectsClient.swift in Sources */,
				24CD0CB91C5F26CA004754CA /* BuildQueueClient.swift in Sources */,
				24C77A1D1C5CFE4D00831741 /* Projects.swift in Sources */,
				24B5A5E51C662BC80017F282 /* GroupsClient.swift in Sources */,
				24CD0CB11C5D5C36004754CA /* VCSRootEntry.swift in Sources */,
				24CD0CCB1C5F3A96004754CA /* ArtifactDependencies.swift in Sources */,
				24CD0CBD1C5F2C2E004754CA /* BuildQueueItem.swift in Sources */,
				24CD0CC31C5F33B8004754CA /* BuildTriggers.swift in Sources */,
				24B5A5E11C6625500017F282 /* GroupSummary.swift in Sources */,
				24CD0CCF1C5F40F2004754CA /* AgentRequirement.swift in Sources */,
				24CD0CC91C5F3702004754CA /* SnapshotDependencies.swift in Sources */,
				24CD0CC51C5F348D004754CA /* BuildTrigger.swift in Sources */,
				24B5A5DB1C66209D0017F282 /* Role.swift in Sources */,
				24C77A231C5D3BA400831741 /* BuildTypeLocator.swift in Sources */,
				2431261F1C62920C000855D7 /* Users.swift in Sources */,
				24CD0CAD1C5D5AA9004754CA /* VCSRootEntries.swift in Sources */,
				24C77A211C5D393B00831741 /* BuildTypes.swift in Sources */,
				24CD0CC11C5F3096004754CA /* BuildFeature.swift in Sources */,
				243D25A31C628A370011F160 /* VCSRootsClient.swift in Sources */,
				2404D8931C6276BC004B12AD /* ServerInformation.swift in Sources */,
				24C77A191C5CE74700831741 /* TeamCityClient.swift in Sources */,
				24CD0CCD1C5F3B0F004754CA /* ArtifactDependency.swift in Sources */,
				24CD0CC71C5F36F2004754CA /* SnapshotDependency.swift in Sources */,
				24CD0CA91C5D5309004754CA /* AuthenticationClient.swift in Sources */,
				24C77A141C5CDFBC00831741 /* ProjectLocator.swift in Sources */,
				24CD0CBF1C5F2FBC004754CA /* BuildFeatures.swift in Sources */,
				24B5A5DF1C6624F80017F282 /* Groups.swift in Sources */,
				2404D8951C627814004B12AD /* ServerInformationClient.swift in Sources */,
				24CD0CA21C5D4DE5004754CA /* VCSRoots.swift in Sources */,
				24CD0C9E1C5D4A3A004754CA /* Parameters.swift in Sources */,
				24B5A5E31C6625BD0017F282 /* User.swift in Sources */,
			);
			runOnlyForDeploymentPostprocessing = 0;
		};
/* End PBXSourcesBuildPhase section */

/* Begin XCBuildConfiguration section */
		24C77A0D1C5CDFAD00831741 /* Debug */ = {
			isa = XCBuildConfiguration;
			buildSettings = {
				ALWAYS_SEARCH_USER_PATHS = NO;
				CLANG_CXX_LANGUAGE_STANDARD = "gnu++0x";
				CLANG_CXX_LIBRARY = "libc++";
				CLANG_ENABLE_MODULES = YES;
				CLANG_ENABLE_OBJC_ARC = YES;
				CLANG_WARN_BOOL_CONVERSION = YES;
				CLANG_WARN_CONSTANT_CONVERSION = YES;
				CLANG_WARN_DIRECT_OBJC_ISA_USAGE = YES_ERROR;
				CLANG_WARN_EMPTY_BODY = YES;
				CLANG_WARN_ENUM_CONVERSION = YES;
				CLANG_WARN_INT_CONVERSION = YES;
				CLANG_WARN_OBJC_ROOT_CLASS = YES_ERROR;
				CLANG_WARN_UNREACHABLE_CODE = YES;
				CLANG_WARN__DUPLICATE_METHOD_MATCH = YES;
				CODE_SIGN_IDENTITY = "-";
				COPY_PHASE_STRIP = NO;
				DEBUG_INFORMATION_FORMAT = dwarf;
				ENABLE_STRICT_OBJC_MSGSEND = YES;
				ENABLE_TESTABILITY = YES;
				GCC_C_LANGUAGE_STANDARD = gnu99;
				GCC_DYNAMIC_NO_PIC = NO;
				GCC_NO_COMMON_BLOCKS = YES;
				GCC_OPTIMIZATION_LEVEL = 0;
				GCC_PREPROCESSOR_DEFINITIONS = (
					"DEBUG=1",
					"$(inherited)",
				);
				GCC_WARN_64_TO_32_BIT_CONVERSION = YES;
				GCC_WARN_ABOUT_RETURN_TYPE = YES_ERROR;
				GCC_WARN_UNDECLARED_SELECTOR = YES;
				GCC_WARN_UNINITIALIZED_AUTOS = YES_AGGRESSIVE;
				GCC_WARN_UNUSED_FUNCTION = YES;
				GCC_WARN_UNUSED_VARIABLE = YES;
				MACOSX_DEPLOYMENT_TARGET = 10.11;
				MTL_ENABLE_DEBUG_INFO = YES;
				ONLY_ACTIVE_ARCH = YES;
				SDKROOT = macosx;
				SWIFT_OPTIMIZATION_LEVEL = "-Onone";
			};
			name = Debug;
		};
		24C77A0E1C5CDFAD00831741 /* Release */ = {
			isa = XCBuildConfiguration;
			buildSettings = {
				ALWAYS_SEARCH_USER_PATHS = NO;
				CLANG_CXX_LANGUAGE_STANDARD = "gnu++0x";
				CLANG_CXX_LIBRARY = "libc++";
				CLANG_ENABLE_MODULES = YES;
				CLANG_ENABLE_OBJC_ARC = YES;
				CLANG_WARN_BOOL_CONVERSION = YES;
				CLANG_WARN_CONSTANT_CONVERSION = YES;
				CLANG_WARN_DIRECT_OBJC_ISA_USAGE = YES_ERROR;
				CLANG_WARN_EMPTY_BODY = YES;
				CLANG_WARN_ENUM_CONVERSION = YES;
				CLANG_WARN_INT_CONVERSION = YES;
				CLANG_WARN_OBJC_ROOT_CLASS = YES_ERROR;
				CLANG_WARN_UNREACHABLE_CODE = YES;
				CLANG_WARN__DUPLICATE_METHOD_MATCH = YES;
				CODE_SIGN_IDENTITY = "-";
				COPY_PHASE_STRIP = NO;
				DEBUG_INFORMATION_FORMAT = "dwarf-with-dsym";
				ENABLE_NS_ASSERTIONS = NO;
				ENABLE_STRICT_OBJC_MSGSEND = YES;
				GCC_C_LANGUAGE_STANDARD = gnu99;
				GCC_NO_COMMON_BLOCKS = YES;
				GCC_WARN_64_TO_32_BIT_CONVERSION = YES;
				GCC_WARN_ABOUT_RETURN_TYPE = YES_ERROR;
				GCC_WARN_UNDECLARED_SELECTOR = YES;
				GCC_WARN_UNINITIALIZED_AUTOS = YES_AGGRESSIVE;
				GCC_WARN_UNUSED_FUNCTION = YES;
				GCC_WARN_UNUSED_VARIABLE = YES;
				MACOSX_DEPLOYMENT_TARGET = 10.11;
				MTL_ENABLE_DEBUG_INFO = NO;
				SDKROOT = macosx;
			};
			name = Release;
		};
		24C77A101C5CDFAD00831741 /* Debug */ = {
			isa = XCBuildConfiguration;
			buildSettings = {
				PRODUCT_NAME = "$(TARGET_NAME)";
			};
			name = Debug;
		};
		24C77A111C5CDFAD00831741 /* Release */ = {
			isa = XCBuildConfiguration;
			buildSettings = {
				PRODUCT_NAME = "$(TARGET_NAME)";
			};
			name = Release;
		};
/* End XCBuildConfiguration section */

/* Begin XCConfigurationList section */
		24C77A031C5CDFAD00831741 /* Build configuration list for PBXProject "SwiftCity" */ = {
			isa = XCConfigurationList;
			buildConfigurations = (
				24C77A0D1C5CDFAD00831741 /* Debug */,
				24C77A0E1C5CDFAD00831741 /* Release */,
			);
			defaultConfigurationIsVisible = 0;
			defaultConfigurationName = Release;
		};
		24C77A0F1C5CDFAD00831741 /* Build configuration list for PBXNativeTarget "SwiftCity" */ = {
			isa = XCConfigurationList;
			buildConfigurations = (
				24C77A101C5CDFAD00831741 /* Debug */,
				24C77A111C5CDFAD00831741 /* Release */,
			);
			defaultConfigurationIsVisible = 0;
			defaultConfigurationName = Release;
		};
/* End XCConfigurationList section */
	};
	rootObject = 24C77A001C5CDFAD00831741 /* Project object */;
}
